
Microsoft Visual Studio Solution File, Format Version 12.00
# Visual Studio Version 17
VisualStudioVersion = 17.2.32630.192
MinimumVisualStudioVersion = 10.0.40219.1
Project("{FAE04EC0-301F-11D3-BF4B-00C04F79EFBC}") = "WebApiTest", "WebApiTest\WebApiTest.csproj", "{D1BE9F2A-37A6-4EEA-89E2-E900709D6E33}"
EndProject
Global
	GlobalSection(SolutionConfigurationPlatforms) = preSolution
		Debug|Any CPU = Debug|Any CPU
		Release|Any CPU = Release|Any CPU
	EndGlobalSection
	GlobalSection(ProjectConfigurationPlatforms) = postSolution
		{D1BE9F2A-37A6-4EEA-89E2-E900709D6E33}.Debug|Any CPU.ActiveCfg = Debug|Any CPU
		{D1BE9F2A-37A6-4EEA-89E2-E900709D6E33}.Debug|Any CPU.Build.0 = Debug|Any CPU
		{D1BE9F2A-37A6-4EEA-89E2-E900709D6E33}.Release|Any CPU.ActiveCfg = Release|Any CPU
		{D1BE9F2A-37A6-4EEA-89E2-E900709D6E33}.Release|Any CPU.Build.0 = Release|Any CPU
	EndGlobalSection
	GlobalSection(SolutionProperties) = preSolution
		HideSolutionNode = FALSE
	EndGlobalSection
	GlobalSection(ExtensibilityGlobals) = postSolution
		SolutionGuid = {91DC92BB-484E-4CEB-8F8D-010E98E3772D}
	EndGlobalSection
EndGlobal
